
Microsoft Visual Studio Solution File, Format Version 12.00
# Visual Studio Version 17
VisualStudioVersion = 17.14.36518.9
MinimumVisualStudioVersion = 10.0.40219.1
Project("{FAE04EC0-301F-11D3-BF4B-00C04F79EFBC}") = "WordCounter", "WordCounter\WordCounter.csproj", "{189B3E4E-FD75-4943-8B1A-78279BD27DB0}"
EndProject
Project("{FAE04EC0-301F-11D3-BF4B-00C04F79EFBC}") = "WordCounter_Test", "WordCounter_Test\WordCounter_Test.csproj", "{C3EE4CC4-CC5E-4058-8351-EC0E25C02703}"
EndProject
Global
	GlobalSection(SolutionConfigurationPlatforms) = preSolution
		Debug|Any CPU = Debug|Any CPU
		Release|Any CPU = Release|Any CPU
	EndGlobalSection
	GlobalSection(ProjectConfigurationPlatforms) = postSolution
		{189B3E4E-FD75-4943-8B1A-78279BD27DB0}.Debug|Any CPU.ActiveCfg = Debug|Any CPU
		{189B3E4E-FD75-4943-8B1A-78279BD27DB0}.Debug|Any CPU.Build.0 = Debug|Any CPU
		{189B3E4E-FD75-4943-8B1A-78279BD27DB0}.Release|Any CPU.ActiveCfg = Release|Any CPU
		{189B3E4E-FD75-4943-8B1A-78279BD27DB0}.Release|Any CPU.Build.0 = Release|Any CPU
		{C3EE4CC4-CC5E-4058-8351-EC0E25C02703}.Debug|Any CPU.ActiveCfg = Debug|Any CPU
		{C3EE4CC4-CC5E-4058-8351-EC0E25C02703}.Debug|Any CPU.Build.0 = Debug|Any CPU
		{C3EE4CC4-CC5E-4058-8351-EC0E25C02703}.Release|Any CPU.ActiveCfg = Release|Any CPU
		{C3EE4CC4-CC5E-4058-8351-EC0E25C02703}.Release|Any CPU.Build.0 = Release|Any CPU
	EndGlobalSection
	GlobalSection(SolutionProperties) = preSolution
		HideSolutionNode = FALSE
	EndGlobalSection
	GlobalSection(ExtensibilityGlobals) = postSolution
		SolutionGuid = {A2051D22-5DFE-47F1-B47D-FCD797758C20}
	EndGlobalSection
EndGlobal
